
Microsoft Visual Studio Solution File, Format Version 12.00
# Visual Studio 15
VisualStudioVersion = 15.0.36217.24
MinimumVisualStudioVersion = 10.0.40219.1
Project("{8BC9CEB8-8B4A-11D0-8D11-00A0C91BC942}") = "error_handling_vs2017", "error_handling_vs2017.vcxproj", "{5520D016-19C0-4F3E-B742-EF508EAD3AC9}"
EndProject
Global
	GlobalSection(SolutionConfigurationPlatforms) = preSolution
		Debug|x64 = Debug|x64
		Debug|x86 = Debug|x86
		Release|x64 = Release|x64
		Release|x86 = Release|x86
	EndGlobalSection
	GlobalSection(ProjectConfigurationPlatforms) = postSolution
		{5520D016-19C0-4F3E-B742-EF508EAD3AC9}.Debug|x64.ActiveCfg = Debug|x64
		{5520D016-19C0-4F3E-B742-EF508EAD3AC9}.Debug|x64.Build.0 = Debug|x64
		{5520D016-19C0-4F3E-B742-EF508EAD3AC9}.Release|x64.ActiveCfg = Release|x64
		{5520D016-19C0-4F3E-B742-EF508EAD3AC9}.Release|x64.Build.0 = Release|x64
	EndGlobalSection
	GlobalSection(SolutionProperties) = preSolution
		HideSolutionNode = FALSE
	EndGlobalSection
	GlobalSection(ExtensibilityGlobals) = postSolution
		SolutionGuid = {512931FD-2AED-4A12-8320-EF159786571D}
	EndGlobalSection
EndGlobal
