Microsoft Visual Studio Solution File, Format Version 12.00
# Visual Studio Version 17
VisualStudioVersion = 17.4.33213.308
MinimumVisualStudioVersion = 10.0.40219.1
Project("{8BC9CEB8-8B4A-11D0-8D11-00A0C91BC942}") = "csritilu0_vs2022", "csritilu0_vs2022.vcxproj", "{0CB451D7-57CC-4300-9A3C-DC442EE7A38F}"
EndProject
Global
	GlobalSection(SolutionConfigurationPlatforms) = preSolution
		Debug|x64 = Debug|x64
		Release|x64 = Release|x64
	EndGlobalSection
	GlobalSection(ProjectConfigurationPlatforms) = postSolution
		{0CB451D7-57CC-4300-9A3C-DC442EE7A38F}.Debug|x64.ActiveCfg = Debug|x64
		{0CB451D7-57CC-4300-9A3C-DC442EE7A38F}.Debug|x64.Build.0 = Debug|x64
		{0CB451D7-57CC-4300-9A3C-DC442EE7A38F}.Release|x64.ActiveCfg = Release|x64
		{0CB451D7-57CC-4300-9A3C-DC442EE7A38F}.Release|x64.Build.0 = Release|x64
	EndGlobalSection
	GlobalSection(SolutionProperties) = preSolution
		HideSolutionNode = FALSE
	EndGlobalSection
	GlobalSection(ExtensibilityGlobals) = postSolution
		SolutionGuid = {48397F24-3AD7-4C0C-8267-9AE720153A77}
	EndGlobalSection
EndGlobal
