Microsoft Visual Studio Solution File, Format Version 12.00
# Visual Studio Version 17
VisualStudioVersion = 17.4.33213.308
MinimumVisualStudioVersion = 10.0.40219.1
Project("{8BC9CEB8-8B4A-11D0-8D11-00A0C91BC942}") = "spitsv_vs2022", "spitsv_vs2022.vcxproj", "{A987BF4A-988D-410A-B3EF-1140AEA10960}"
EndProject
Global
	GlobalSection(SolutionConfigurationPlatforms) = preSolution
		Debug|x64 = Debug|x64
		Release|x64 = Release|x64
	EndGlobalSection
	GlobalSection(ProjectConfigurationPlatforms) = postSolution
		{A987BF4A-988D-410A-B3EF-1140AEA10960}.Debug|x64.ActiveCfg = Debug|x64
		{A987BF4A-988D-410A-B3EF-1140AEA10960}.Debug|x64.Build.0 = Debug|x64
		{A987BF4A-988D-410A-B3EF-1140AEA10960}.Release|x64.ActiveCfg = Release|x64
		{A987BF4A-988D-410A-B3EF-1140AEA10960}.Release|x64.Build.0 = Release|x64
	EndGlobalSection
	GlobalSection(SolutionProperties) = preSolution
		HideSolutionNode = FALSE
	EndGlobalSection
	GlobalSection(ExtensibilityGlobals) = postSolution
		SolutionGuid = {4849E864-88B5-4CF5-8A35-FA0294FAFBE7}
	EndGlobalSection
EndGlobal
