Microsoft Visual Studio Solution File, Format Version 12.00
# Visual Studio 15
VisualStudioVersion = 15.0.33026.149
MinimumVisualStudioVersion = 10.0.40219.1
Project("{8BC9CEB8-8B4A-11D0-8D11-00A0C91BC942}") = "device_query_vs2017", "device_query_vs2017.vcxproj", "{A9E1C716-820C-4B29-B36E-4F0AB057F09F}"
EndProject
Global
	GlobalSection(SolutionConfigurationPlatforms) = preSolution
		Debug|x64 = Debug|x64
		Release|x64 = Release|x64
	EndGlobalSection
	GlobalSection(ProjectConfigurationPlatforms) = postSolution
		{A9E1C716-820C-4B29-B36E-4F0AB057F09F}.Debug|x64.ActiveCfg = Debug|x64
		{A9E1C716-820C-4B29-B36E-4F0AB057F09F}.Debug|x64.Build.0 = Debug|x64
		{A9E1C716-820C-4B29-B36E-4F0AB057F09F}.Release|x64.ActiveCfg = Release|x64
		{A9E1C716-820C-4B29-B36E-4F0AB057F09F}.Release|x64.Build.0 = Release|x64
	EndGlobalSection
	GlobalSection(SolutionProperties) = preSolution
		HideSolutionNode = FALSE
	EndGlobalSection
	GlobalSection(ExtensibilityGlobals) = postSolution
		SolutionGuid = {D8CEB2BA-BE31-445A-B5C1-32DEC6C66C19}
	EndGlobalSection
EndGlobal
