Microsoft Visual Studio Solution File, Format Version 12.00
# Visual Studio Version 17
VisualStudioVersion = 17.4.33213.308
MinimumVisualStudioVersion = 10.0.40219.1
Project("{8BC9CEB8-8B4A-11D0-8D11-00A0C91BC942}") = "device_globals_vs2022", "device_globals_vs2022.vcxproj", "{3C13D642-960A-4F99-84A9-5559BCE3B347}"
EndProject
Global
	GlobalSection(SolutionConfigurationPlatforms) = preSolution
		Debug|x64 = Debug|x64
		Release|x64 = Release|x64
	EndGlobalSection
	GlobalSection(ProjectConfigurationPlatforms) = postSolution
		{3C13D642-960A-4F99-84A9-5559BCE3B347}.Debug|x64.ActiveCfg = Debug|x64
		{3C13D642-960A-4F99-84A9-5559BCE3B347}.Debug|x64.Build.0 = Debug|x64
		{3C13D642-960A-4F99-84A9-5559BCE3B347}.Release|x64.ActiveCfg = Release|x64
		{3C13D642-960A-4F99-84A9-5559BCE3B347}.Release|x64.Build.0 = Release|x64
	EndGlobalSection
	GlobalSection(SolutionProperties) = preSolution
		HideSolutionNode = FALSE
	EndGlobalSection
	GlobalSection(ExtensibilityGlobals) = postSolution
		SolutionGuid = {B8F33A42-9B36-4069-B2FE-951897DF75B3}
	EndGlobalSection
EndGlobal
