Microsoft Visual Studio Solution File, Format Version 12.00
# Visual Studio 15
VisualStudioVersion = 15.0.33026.149
MinimumVisualStudioVersion = 10.0.40219.1
Project("{8BC9CEB8-8B4A-11D0-8D11-00A0C91BC942}") = "gemmi_vs2017", "gemmi_vs2017.vcxproj", "{434D4180-1650-44AC-AB43-963706CE8922}"
EndProject
Global
	GlobalSection(SolutionConfigurationPlatforms) = preSolution
		Debug|x64 = Debug|x64
		Release|x64 = Release|x64
	EndGlobalSection
	GlobalSection(ProjectConfigurationPlatforms) = postSolution
		{434D4180-1650-44AC-AB43-963706CE8922}.Debug|x64.ActiveCfg = Debug|x64
		{434D4180-1650-44AC-AB43-963706CE8922}.Debug|x64.Build.0 = Debug|x64
		{434D4180-1650-44AC-AB43-963706CE8922}.Release|x64.ActiveCfg = Release|x64
		{434D4180-1650-44AC-AB43-963706CE8922}.Release|x64.Build.0 = Release|x64
	EndGlobalSection
	GlobalSection(SolutionProperties) = preSolution
		HideSolutionNode = FALSE
	EndGlobalSection
	GlobalSection(ExtensibilityGlobals) = postSolution
		SolutionGuid = {46C2EFC6-F476-4E9B-AEFD-9A4A498E8269}
	EndGlobalSection
EndGlobal
