Microsoft Visual Studio Solution File, Format Version 12.00
# Visual Studio Version 17
VisualStudioVersion = 17.0.33026.149
MinimumVisualStudioVersion = 10.0.40219.1
Project("{8BC9CEB8-8B4A-11D0-8D11-00A0C91BC942}") = "csrmv_vs2022", "csrmv_vs2022.vcxproj", "{AFF4AFC2-945D-4C37-A057-30C3FB331E04}"
EndProject
Global
	GlobalSection(SolutionConfigurationPlatforms) = preSolution
		Debug|x64 = Debug|x64
		Release|x64 = Release|x64
	EndGlobalSection
	GlobalSection(ProjectConfigurationPlatforms) = postSolution
		{AFF4AFC2-945D-4C37-A057-30C3FB331E04}.Debug|x64.ActiveCfg = Debug|x64
		{AFF4AFC2-945D-4C37-A057-30C3FB331E04}.Debug|x64.Build.0 = Debug|x64
		{AFF4AFC2-945D-4C37-A057-30C3FB331E04}.Release|x64.ActiveCfg = Release|x64
		{AFF4AFC2-945D-4C37-A057-30C3FB331E04}.Release|x64.Build.0 = Release|x64
	EndGlobalSection
	GlobalSection(SolutionProperties) = preSolution
		HideSolutionNode = FALSE
	EndGlobalSection
	GlobalSection(ExtensibilityGlobals) = postSolution
		SolutionGuid = {03B40C78-A9B8-41FD-8AE1-4222909123F5}
	EndGlobalSection
EndGlobal
