Microsoft Visual Studio Solution File, Format Version 12.00
# Visual Studio Version 17
VisualStudioVersion = 17.4.33213.308
MinimumVisualStudioVersion = 10.0.40219.1
Project("{8BC9CEB8-8B4A-11D0-8D11-00A0C91BC942}") = "kmeans_vs2022", "kmeans_vs2022.vcxproj", "{5DD837FA-C746-45D2-9815-37DCC316B6D5}"
EndProject
Global
	GlobalSection(SolutionConfigurationPlatforms) = preSolution
		Debug|x64 = Debug|x64
		Release|x64 = Release|x64
	EndGlobalSection
	GlobalSection(ProjectConfigurationPlatforms) = postSolution
		{5DD837FA-C746-45D2-9815-37DCC316B6D5}.Debug|x64.ActiveCfg = Debug|x64
		{5DD837FA-C746-45D2-9815-37DCC316B6D5}.Debug|x64.Build.0 = Debug|x64
		{5DD837FA-C746-45D2-9815-37DCC316B6D5}.Release|x64.ActiveCfg = Release|x64
		{5DD837FA-C746-45D2-9815-37DCC316B6D5}.Release|x64.Build.0 = Release|x64
	EndGlobalSection
	GlobalSection(SolutionProperties) = preSolution
		HideSolutionNode = FALSE
	EndGlobalSection
	GlobalSection(ExtensibilityGlobals) = postSolution
		SolutionGuid = {F2A3B4C5-8D9E-0F1A-7B2C-3D4E9F5A0B6C}
	EndGlobalSection
EndGlobal
