Microsoft Visual Studio Solution File, Format Version 12.00
# Visual Studio 15
VisualStudioVersion = 15.0.33026.149
MinimumVisualStudioVersion = 10.0.40219.1
Project("{8BC9CEB8-8B4A-11D0-8D11-00A0C91BC942}") = "bsric0_vs2017", "bsric0_vs2017.vcxproj", "{3AC4CAC9-61C3-469E-A509-E16C01863B6E}"
EndProject
Global
	GlobalSection(SolutionConfigurationPlatforms) = preSolution
		Debug|x64 = Debug|x64
		Release|x64 = Release|x64
	EndGlobalSection
	GlobalSection(ProjectConfigurationPlatforms) = postSolution
		{3AC4CAC9-61C3-469E-A509-E16C01863B6E}.Debug|x64.ActiveCfg = Debug|x64
		{3AC4CAC9-61C3-469E-A509-E16C01863B6E}.Debug|x64.Build.0 = Debug|x64
		{3AC4CAC9-61C3-469E-A509-E16C01863B6E}.Release|x64.ActiveCfg = Release|x64
		{3AC4CAC9-61C3-469E-A509-E16C01863B6E}.Release|x64.Build.0 = Release|x64
	EndGlobalSection
	GlobalSection(SolutionProperties) = preSolution
		HideSolutionNode = FALSE
	EndGlobalSection
	GlobalSection(ExtensibilityGlobals) = postSolution
		SolutionGuid = {D5B47491-0BBB-4DD6-918B-6EB0BE7D90C1}
	EndGlobalSection
EndGlobal
