Microsoft Visual Studio Solution File, Format Version 12.00
# Visual Studio Version 17
VisualStudioVersion = 17.4.33213.308
MinimumVisualStudioVersion = 10.0.40219.1
Project("{8BC9CEB8-8B4A-11D0-8D11-00A0C91BC942}") = "bsric0_vs2022", "bsric0_vs2022.vcxproj", "{21C8726A-B426-4CB4-8C53-1FE0E622A85B}"
EndProject
Global
	GlobalSection(SolutionConfigurationPlatforms) = preSolution
		Debug|x64 = Debug|x64
		Release|x64 = Release|x64
	EndGlobalSection
	GlobalSection(ProjectConfigurationPlatforms) = postSolution
		{21C8726A-B426-4CB4-8C53-1FE0E622A85B}.Debug|x64.ActiveCfg = Debug|x64
		{21C8726A-B426-4CB4-8C53-1FE0E622A85B}.Debug|x64.Build.0 = Debug|x64
		{21C8726A-B426-4CB4-8C53-1FE0E622A85B}.Release|x64.ActiveCfg = Release|x64
		{21C8726A-B426-4CB4-8C53-1FE0E622A85B}.Release|x64.Build.0 = Release|x64
	EndGlobalSection
	GlobalSection(SolutionProperties) = preSolution
		HideSolutionNode = FALSE
	EndGlobalSection
	GlobalSection(ExtensibilityGlobals) = postSolution
		SolutionGuid = {03748628-E39B-45C3-97F8-6C2BDF47A9D1}
	EndGlobalSection
EndGlobal
