Microsoft Visual Studio Solution File, Format Version 12.00
# Visual Studio Version 16
VisualStudioVersion = 16.0.32630.194
MinimumVisualStudioVersion = 10.0.40219.1
Project("{8BC9CEB8-8B4A-11D0-8D11-00A0C91BC942}") = "fdtd_vs2019", "fdtd_vs2019.vcxproj", "{8C57567B-9A70-4020-8C6C-B2C7C2214CFD}"
EndProject
Global
	GlobalSection(SolutionConfigurationPlatforms) = preSolution
		Debug|x64 = Debug|x64
		Release|x64 = Release|x64
	EndGlobalSection
	GlobalSection(ProjectConfigurationPlatforms) = postSolution
		{8C57567B-9A70-4020-8C6C-B2C7C2214CFD}.Debug|x64.ActiveCfg = Debug|x64
		{8C57567B-9A70-4020-8C6C-B2C7C2214CFD}.Debug|x64.Build.0 = Debug|x64
		{8C57567B-9A70-4020-8C6C-B2C7C2214CFD}.Release|x64.ActiveCfg = Release|x64
		{8C57567B-9A70-4020-8C6C-B2C7C2214CFD}.Release|x64.Build.0 = Release|x64
	EndGlobalSection
	GlobalSection(SolutionProperties) = preSolution
		HideSolutionNode = FALSE
	EndGlobalSection
	GlobalSection(ExtensibilityGlobals) = postSolution
		SolutionGuid = {67DA5468-F466-404B-8E3D-1C3EC4547A29}
	EndGlobalSection
EndGlobal
