Microsoft Visual Studio Solution File, Format Version 12.00
# Visual Studio Version 17
VisualStudioVersion = 17.4.33213.308
MinimumVisualStudioVersion = 10.0.40219.1
Project("{8BC9CEB8-8B4A-11D0-8D11-00A0C91BC942}") = "bsrsv_vs2022", "bsrsv_vs2022.vcxproj", "{5E4E2FE2-714D-4DD9-B732-6A537D4B284A}"
EndProject
Global
	GlobalSection(SolutionConfigurationPlatforms) = preSolution
		Debug|x64 = Debug|x64
		Release|x64 = Release|x64
	EndGlobalSection
	GlobalSection(ProjectConfigurationPlatforms) = postSolution
		{5E4E2FE2-714D-4DD9-B732-6A537D4B284A}.Debug|x64.ActiveCfg = Debug|x64
		{5E4E2FE2-714D-4DD9-B732-6A537D4B284A}.Debug|x64.Build.0 = Debug|x64
		{5E4E2FE2-714D-4DD9-B732-6A537D4B284A}.Release|x64.ActiveCfg = Release|x64
		{5E4E2FE2-714D-4DD9-B732-6A537D4B284A}.Release|x64.Build.0 = Release|x64
	EndGlobalSection
	GlobalSection(SolutionProperties) = preSolution
		HideSolutionNode = FALSE
	EndGlobalSection
	GlobalSection(ExtensibilityGlobals) = postSolution
		SolutionGuid = {73603960-035C-4F40-BCCA-3E3CF2C05F32}
	EndGlobalSection
EndGlobal
