
Microsoft Visual Studio Solution File, Format Version 12.00
# Visual Studio 15
VisualStudioVersion = 15.0.36217.24
MinimumVisualStudioVersion = 10.0.40219.1
Project("{8BC9CEB8-8B4A-11D0-8D11-00A0C91BC942}") = "p2p_memory_access_vs2017", "p2p_memory_access_vs2017.vcxproj", "{05859FB6-53F2-4EDE-8E0E-4F4DCACF6C20}"
EndProject
Global
	GlobalSection(SolutionConfigurationPlatforms) = preSolution
		Debug|x64 = Debug|x64
		Release|x64 = Release|x64
	EndGlobalSection
	GlobalSection(ProjectConfigurationPlatforms) = postSolution
		{05859FB6-53F2-4EDE-8E0E-4F4DCACF6C20}.Debug|x64.ActiveCfg = Debug|x64
		{05859FB6-53F2-4EDE-8E0E-4F4DCACF6C20}.Debug|x64.Build.0 = Debug|x64
		{05859FB6-53F2-4EDE-8E0E-4F4DCACF6C20}.Release|x64.ActiveCfg = Release|x64
		{05859FB6-53F2-4EDE-8E0E-4F4DCACF6C20}.Release|x64.Build.0 = Release|x64
	EndGlobalSection
	GlobalSection(SolutionProperties) = preSolution
		HideSolutionNode = FALSE
	EndGlobalSection
	GlobalSection(ExtensibilityGlobals) = postSolution
		SolutionGuid = {76E5B134-12A3-4291-BEF9-DABA3C74B743}
	EndGlobalSection
EndGlobal
