Microsoft Visual Studio Solution File, Format Version 12.00
# Visual Studio Version 17
VisualStudioVersion = 17.4.33213.308
MinimumVisualStudioVersion = 10.0.40219.1
Project("{8BC9CEB8-8B4A-11D0-8D11-00A0C91BC942}") = "scal_vs2022", "scal_vs2022.vcxproj", "{68E84AD8-8FDC-44AE-A10A-B576803913D4}"
EndProject
Global
	GlobalSection(SolutionConfigurationPlatforms) = preSolution
		Debug|x64 = Debug|x64
		Release|x64 = Release|x64
	EndGlobalSection
	GlobalSection(ProjectConfigurationPlatforms) = postSolution
		{68E84AD8-8FDC-44AE-A10A-B576803913D4}.Debug|x64.ActiveCfg = Debug|x64
		{68E84AD8-8FDC-44AE-A10A-B576803913D4}.Debug|x64.Build.0 = Debug|x64
		{68E84AD8-8FDC-44AE-A10A-B576803913D4}.Release|x64.ActiveCfg = Release|x64
		{68E84AD8-8FDC-44AE-A10A-B576803913D4}.Release|x64.Build.0 = Release|x64
	EndGlobalSection
	GlobalSection(SolutionProperties) = preSolution
		HideSolutionNode = FALSE
	EndGlobalSection
	GlobalSection(ExtensibilityGlobals) = postSolution
		SolutionGuid = {B1EB6BBA-0694-43A8-BFFF-5F048692FB2F}
	EndGlobalSection
EndGlobal
