Microsoft Visual Studio Solution File, Format Version 12.00
# Visual Studio Version 17
VisualStudioVersion = 17.4.33213.308
MinimumVisualStudioVersion = 10.0.40219.1
Project("{8BC9CEB8-8B4A-11D0-8D11-00A0C91BC942}") = "saxpy_vs2022", "saxpy_vs2022.vcxproj", "{4579D781-7CA9-470C-A76C-5903369C40E8}"
EndProject
Global
	GlobalSection(SolutionConfigurationPlatforms) = preSolution
		Debug|x64 = Debug|x64
		Release|x64 = Release|x64
	EndGlobalSection
	GlobalSection(ProjectConfigurationPlatforms) = postSolution
		{4579D781-7CA9-470C-A76C-5903369C40E8}.Debug|x64.ActiveCfg = Debug|x64
		{4579D781-7CA9-470C-A76C-5903369C40E8}.Debug|x64.Build.0 = Debug|x64
		{4579D781-7CA9-470C-A76C-5903369C40E8}.Release|x64.ActiveCfg = Release|x64
		{4579D781-7CA9-470C-A76C-5903369C40E8}.Release|x64.Build.0 = Release|x64
	EndGlobalSection
	GlobalSection(SolutionProperties) = preSolution
		HideSolutionNode = FALSE
	EndGlobalSection
	GlobalSection(ExtensibilityGlobals) = postSolution
		SolutionGuid = {12042081-9C58-449F-BACE-2A0B1F0D652E}
	EndGlobalSection
EndGlobal
