Microsoft Visual Studio Solution File, Format Version 12.00
# Visual Studio Version 16
VisualStudioVersion = 16.0.32630.194
MinimumVisualStudioVersion = 10.0.40219.1
Project("{8BC9CEB8-8B4A-11D0-8D11-00A0C91BC942}") = "multi_gpu_vs2019", "multi_gpu_vs2019.vcxproj", "{A9CE29D8-8FCD-4250-ADA6-12237914A593}"
EndProject
Global
	GlobalSection(SolutionConfigurationPlatforms) = preSolution
		Debug|x64 = Debug|x64
		Release|x64 = Release|x64
	EndGlobalSection
	GlobalSection(ProjectConfigurationPlatforms) = postSolution
		{A9CE29D8-8FCD-4250-ADA6-12237914A593}.Debug|x64.ActiveCfg = Debug|x64
		{A9CE29D8-8FCD-4250-ADA6-12237914A593}.Debug|x64.Build.0 = Debug|x64
		{A9CE29D8-8FCD-4250-ADA6-12237914A593}.Release|x64.ActiveCfg = Release|x64
		{A9CE29D8-8FCD-4250-ADA6-12237914A593}.Release|x64.Build.0 = Release|x64
	EndGlobalSection
	GlobalSection(SolutionProperties) = preSolution
		HideSolutionNode = FALSE
	EndGlobalSection
	GlobalSection(ExtensibilityGlobals) = postSolution
		SolutionGuid = {C6824BBD-DEBF-4191-834D-4A50E0818CBF}
	EndGlobalSection
EndGlobal
