
Microsoft Visual Studio Solution File, Format Version 12.00
# Visual Studio Version 17
VisualStudioVersion = 17.14.36310.24 d17.14
MinimumVisualStudioVersion = 10.0.40219.1
Project("{8BC9CEB8-8B4A-11D0-8D11-00A0C91BC942}") = "complex_math_vs2022", "complex_math_vs2022.vcxproj", "{9B164E0F-DFD0-EE46-C406-5E62D3B24CBE}"
EndProject
Global
	GlobalSection(SolutionConfigurationPlatforms) = preSolution
		Debug|x64 = Debug|x64
		Release|x64 = Release|x64
	EndGlobalSection
	GlobalSection(ProjectConfigurationPlatforms) = postSolution
		{9B164E0F-DFD0-EE46-C406-5E62D3B24CBE}.Debug|x64.ActiveCfg = Debug|x64
		{9B164E0F-DFD0-EE46-C406-5E62D3B24CBE}.Debug|x64.Build.0 = Debug|x64
		{9B164E0F-DFD0-EE46-C406-5E62D3B24CBE}.Release|x64.ActiveCfg = Release|x64
		{9B164E0F-DFD0-EE46-C406-5E62D3B24CBE}.Release|x64.Build.0 = Release|x64
	EndGlobalSection
	GlobalSection(SolutionProperties) = preSolution
		HideSolutionNode = FALSE
	EndGlobalSection
	GlobalSection(ExtensibilityGlobals) = postSolution
		SolutionGuid = {24DFF8A2-5660-4065-8653-BE0A259DC443}
	EndGlobalSection
EndGlobal
