<?xml version="1.0" encoding="utf-8"?>
<Project ToolsVersion="4.0" xmlns="http://schemas.microsoft.com/developer/msbuild/2003">
  <ItemGroup>
    <Filter Include="Source Files">
      <UniqueIdentifier>{7C1B439E-B442-4A9A-84D2-EA6635A81DD8}</UniqueIdentifier>
      <Extensions>cpp;c;cc;cxx;c++;def;odl;idl;hpj;bat;asm;asmx;hip;cu</Extensions>
    </Filter>
    <Filter Include="Header Files">
      <UniqueIdentifier>{9112C9B4-975B-48D1-A729-9EBF1105E2F7}</UniqueIdentifier>
      <Extensions>h;hh;hpp;hxx;h++;hm;inl;inc;ipp;xsd;cuh</Extensions>
    </Filter>
    <Filter Include="Resource Files">
      <UniqueIdentifier>{B065E4D3-6876-4B8F-A5DD-FFBCCBB224E2}</UniqueIdentifier>
      <Extensions>rc;ico;cur;bmp;dlg;rc2;rct;bin;rgs;gif;jpg;jpeg;jpe;resx;tiff;tif;png;wav;mfcribbon-ms</Extensions>
    </Filter>
  </ItemGroup>
</Project>