Microsoft Visual Studio Solution File, Format Version 12.00
# Visual Studio 15
VisualStudioVersion = 15.0.33026.149
MinimumVisualStudioVersion = 10.0.40219.1
Project("{8BC9CEB8-8B4A-11D0-8D11-00A0C91BC942}") = "static_host_library_vs2017", "static_host_library_vs2017.vcxproj", "{B9FB86C4-D4F9-437C-9430-983BA5D0D152}"
EndProject
Project("{8BC9CEB8-8B4A-11D0-8D11-00A0C91BC942}") = "static_host_library_msvc_vs2017", "static_host_library_msvc\static_host_library_msvc_vs2017.vcxproj", "{FFD20C1B-D445-4457-8840-AE7A636B9A78}"
EndProject
Project("{8BC9CEB8-8B4A-11D0-8D11-00A0C91BC942}") = "libhip_static_host_vs2017", "library\libhip_static_host_vs2017.vcxproj", "{588559E5-A232-45D3-9181-7BD61BCC6A3F}"
EndProject
Global
	GlobalSection(SolutionConfigurationPlatforms) = preSolution
		Debug|x64 = Debug|x64
		Release|x64 = Release|x64
	EndGlobalSection
	GlobalSection(ProjectConfigurationPlatforms) = postSolution
		{B9FB86C4-D4F9-437C-9430-983BA5D0D152}.Debug|x64.ActiveCfg = Debug|x64
		{B9FB86C4-D4F9-437C-9430-983BA5D0D152}.Debug|x64.Build.0 = Debug|x64
		{B9FB86C4-D4F9-437C-9430-983BA5D0D152}.Release|x64.ActiveCfg = Release|x64
		{B9FB86C4-D4F9-437C-9430-983BA5D0D152}.Release|x64.Build.0 = Release|x64
		{FFD20C1B-D445-4457-8840-AE7A636B9A78}.Debug|x64.ActiveCfg = Debug|x64
		{FFD20C1B-D445-4457-8840-AE7A636B9A78}.Debug|x64.Build.0 = Debug|x64
		{FFD20C1B-D445-4457-8840-AE7A636B9A78}.Release|x64.ActiveCfg = Release|x64
		{FFD20C1B-D445-4457-8840-AE7A636B9A78}.Release|x64.Build.0 = Release|x64
		{588559E5-A232-45D3-9181-7BD61BCC6A3F}.Debug|x64.ActiveCfg = Debug|x64
		{588559E5-A232-45D3-9181-7BD61BCC6A3F}.Debug|x64.Build.0 = Debug|x64
		{588559E5-A232-45D3-9181-7BD61BCC6A3F}.Release|x64.ActiveCfg = Release|x64
		{588559E5-A232-45D3-9181-7BD61BCC6A3F}.Release|x64.Build.0 = Release|x64
	EndGlobalSection
	GlobalSection(SolutionProperties) = preSolution
		HideSolutionNode = FALSE
	EndGlobalSection
	GlobalSection(ExtensibilityGlobals) = postSolution
		SolutionGuid = {2965B1B8-EA4C-42B0-9B1D-9BDFB533024E}
	EndGlobalSection
EndGlobal
