Microsoft Visual Studio Solution File, Format Version 12.00
# Visual Studio 15
VisualStudioVersion = 15.0.33026.149
MinimumVisualStudioVersion = 10.0.40219.1
Project("{8BC9CEB8-8B4A-11D0-8D11-00A0C91BC942}") = "reduce_sum_vs2017", "reduce_sum_vs2017.vcxproj", "{B586E07C-8CD6-4EE1-9DC1-8995EBB44F0E}"
EndProject
Global
	GlobalSection(SolutionConfigurationPlatforms) = preSolution
		Debug|x64 = Debug|x64
		Release|x64 = Release|x64
	EndGlobalSection
	GlobalSection(ProjectConfigurationPlatforms) = postSolution
		{B586E07C-8CD6-4EE1-9DC1-8995EBB44F0E}.Debug|x64.ActiveCfg = Debug|x64
		{B586E07C-8CD6-4EE1-9DC1-8995EBB44F0E}.Debug|x64.Build.0 = Debug|x64
		{B586E07C-8CD6-4EE1-9DC1-8995EBB44F0E}.Release|x64.ActiveCfg = Release|x64
		{B586E07C-8CD6-4EE1-9DC1-8995EBB44F0E}.Release|x64.Build.0 = Release|x64
	EndGlobalSection
	GlobalSection(SolutionProperties) = preSolution
		HideSolutionNode = FALSE
	EndGlobalSection
	GlobalSection(ExtensibilityGlobals) = postSolution
		SolutionGuid = {2BA85EC9-D06E-47D6-B56F-65FA51AED7C7}
	EndGlobalSection
EndGlobal
