Microsoft Visual Studio Solution File, Format Version 12.00
# Visual Studio Version 17
VisualStudioVersion = 17.4.33213.308
MinimumVisualStudioVersion = 10.0.40219.1
Project("{8BC9CEB8-8B4A-11D0-8D11-00A0C91BC942}") = "events_vs2022", "events_vs2022.vcxproj", "{DF601563-B579-4571-88C9-3EC7312D567F}"
EndProject
Global
	GlobalSection(SolutionConfigurationPlatforms) = preSolution
		Debug|x64 = Debug|x64
		Release|x64 = Release|x64
	EndGlobalSection
	GlobalSection(ProjectConfigurationPlatforms) = postSolution
		{DF601563-B579-4571-88C9-3EC7312D567F}.Debug|x64.ActiveCfg = Debug|x64
		{DF601563-B579-4571-88C9-3EC7312D567F}.Debug|x64.Build.0 = Debug|x64
		{DF601563-B579-4571-88C9-3EC7312D567F}.Release|x64.ActiveCfg = Release|x64
		{DF601563-B579-4571-88C9-3EC7312D567F}.Release|x64.Build.0 = Release|x64
	EndGlobalSection
	GlobalSection(SolutionProperties) = preSolution
		HideSolutionNode = FALSE
	EndGlobalSection
	GlobalSection(ExtensibilityGlobals) = postSolution
		SolutionGuid = {04C52252-3F2B-44C0-8BB7-383469678B4D}
	EndGlobalSection
EndGlobal
