Microsoft Visual Studio Solution File, Format Version 12.00
# Visual Studio 15
VisualStudioVersion = 15.0.33026.149
MinimumVisualStudioVersion = 10.0.40219.1
Project("{8BC9CEB8-8B4A-11D0-8D11-00A0C91BC942}") = "potrf_vs2017", "potrf_vs2017.vcxproj", "{ACF45DFD-5DEA-4BF2-81BD-0C66E971D97F}"
EndProject
Global
	GlobalSection(SolutionConfigurationPlatforms) = preSolution
		Debug|x64 = Debug|x64
		Release|x64 = Release|x64
	EndGlobalSection
	GlobalSection(ProjectConfigurationPlatforms) = postSolution
		{ACF45DFD-5DEA-4BF2-81BD-0C66E971D97F}.Debug|x64.ActiveCfg = Debug|x64
		{ACF45DFD-5DEA-4BF2-81BD-0C66E971D97F}.Debug|x64.Build.0 = Debug|x64
		{ACF45DFD-5DEA-4BF2-81BD-0C66E971D97F}.Release|x64.ActiveCfg = Release|x64
		{ACF45DFD-5DEA-4BF2-81BD-0C66E971D97F}.Release|x64.Build.0 = Release|x64
	EndGlobalSection
	GlobalSection(SolutionProperties) = preSolution
		HideSolutionNode = FALSE
	EndGlobalSection
	GlobalSection(ExtensibilityGlobals) = postSolution
		SolutionGuid = {CF42D621-A686-4D23-9CFE-CBC870C5FEB4}
	EndGlobalSection
EndGlobal
