Microsoft Visual Studio Solution File, Format Version 12.00
# Visual Studio 15
VisualStudioVersion = 15.0.33026.149
MinimumVisualStudioVersion = 10.0.40219.1
Project("{8BC9CEB8-8B4A-11D0-8D11-00A0C91BC942}") = "callback_vs2017", "callback_vs2017.vcxproj", "{65A100E5-7ABE-4EC5-B625-767778DDF2B2}"
EndProject
Global
	GlobalSection(SolutionConfigurationPlatforms) = preSolution
		Debug|x64 = Debug|x64
		Release|x64 = Release|x64
	EndGlobalSection
	GlobalSection(ProjectConfigurationPlatforms) = postSolution
		{65A100E5-7ABE-4EC5-B625-767778DDF2B2}.Debug|x64.ActiveCfg = Debug|x64
		{65A100E5-7ABE-4EC5-B625-767778DDF2B2}.Debug|x64.Build.0 = Debug|x64
		{65A100E5-7ABE-4EC5-B625-767778DDF2B2}.Release|x64.ActiveCfg = Release|x64
		{65A100E5-7ABE-4EC5-B625-767778DDF2B2}.Release|x64.Build.0 = Release|x64
	EndGlobalSection
	GlobalSection(SolutionProperties) = preSolution
		HideSolutionNode = FALSE
	EndGlobalSection
	GlobalSection(ExtensibilityGlobals) = postSolution
		SolutionGuid = {07E28DA0-E2EA-4D5D-B41F-02A6D8E1CDE9}
	EndGlobalSection
EndGlobal
