Microsoft Visual Studio Solution File, Format Version 12.00
# Visual Studio Version 16
VisualStudioVersion = 16.0.32630.194
MinimumVisualStudioVersion = 10.0.40219.1
Project("{8BC9CEB8-8B4A-11D0-8D11-00A0C91BC942}") = "runtime_compilation_vs2019", "runtime_compilation_vs2019.vcxproj", "{E03790B7-B203-4504-BEF5-F4F061183642}"
EndProject
Global
	GlobalSection(SolutionConfigurationPlatforms) = preSolution
		Debug|x64 = Debug|x64
		Release|x64 = Release|x64
	EndGlobalSection
	GlobalSection(ProjectConfigurationPlatforms) = postSolution
		{E03790B7-B203-4504-BEF5-F4F061183642}.Debug|x64.ActiveCfg = Debug|x64
		{E03790B7-B203-4504-BEF5-F4F061183642}.Debug|x64.Build.0 = Debug|x64
		{E03790B7-B203-4504-BEF5-F4F061183642}.Release|x64.ActiveCfg = Release|x64
		{E03790B7-B203-4504-BEF5-F4F061183642}.Release|x64.Build.0 = Release|x64
	EndGlobalSection
	GlobalSection(SolutionProperties) = preSolution
		HideSolutionNode = FALSE
	EndGlobalSection
	GlobalSection(ExtensibilityGlobals) = postSolution
		SolutionGuid = {AE5829D6-67E8-4B83-BC77-66D115C2E883}
	EndGlobalSection
EndGlobal
