
Microsoft Visual Studio Solution File, Format Version 12.00
# Visual Studio Version 17
VisualStudioVersion = 17.14.36327.8 d17.14
MinimumVisualStudioVersion = 10.0.40219.1
Project("{8BC9CEB8-8B4A-11D0-8D11-00A0C91BC942}") = "host_code_feature_identification_vs2022", "host_code_feature_identification_vs2022.vcxproj", "{301FBAD3-7738-8CFD-014B-BE314C8573DD}"
EndProject
Global
	GlobalSection(SolutionConfigurationPlatforms) = preSolution
		Debug|x64 = Debug|x64
		Release|x64 = Release|x64
	EndGlobalSection
	GlobalSection(ProjectConfigurationPlatforms) = postSolution
		{301FBAD3-7738-8CFD-014B-BE314C8573DD}.Debug|x64.ActiveCfg = Debug|x64
		{301FBAD3-7738-8CFD-014B-BE314C8573DD}.Debug|x64.Build.0 = Debug|x64
		{301FBAD3-7738-8CFD-014B-BE314C8573DD}.Release|x64.ActiveCfg = Release|x64
		{301FBAD3-7738-8CFD-014B-BE314C8573DD}.Release|x64.Build.0 = Release|x64
	EndGlobalSection
	GlobalSection(SolutionProperties) = preSolution
		HideSolutionNode = FALSE
	EndGlobalSection
	GlobalSection(ExtensibilityGlobals) = postSolution
		SolutionGuid = {4E175A62-7148-480C-9D4E-2B6F29D1CB3A}
	EndGlobalSection
EndGlobal
