Microsoft Visual Studio Solution File, Format Version 12.00
# Visual Studio Version 16
VisualStudioVersion = 16.0.32630.194
MinimumVisualStudioVersion = 10.0.40219.1
Project("{8BC9CEB8-8B4A-11D0-8D11-00A0C91BC942}") = "bsrmm_vs2019", "bsrmm_vs2019.vcxproj", "{CA6EE809-6611-41A9-805F-C532D1D7BD9C}"
EndProject
Global
	GlobalSection(SolutionConfigurationPlatforms) = preSolution
		Debug|x64 = Debug|x64
		Release|x64 = Release|x64
	EndGlobalSection
	GlobalSection(ProjectConfigurationPlatforms) = postSolution
		{CA6EE809-6611-41A9-805F-C532D1D7BD9C}.Debug|x64.ActiveCfg = Debug|x64
		{CA6EE809-6611-41A9-805F-C532D1D7BD9C}.Debug|x64.Build.0 = Debug|x64
		{CA6EE809-6611-41A9-805F-C532D1D7BD9C}.Release|x64.ActiveCfg = Release|x64
		{CA6EE809-6611-41A9-805F-C532D1D7BD9C}.Release|x64.Build.0 = Release|x64
	EndGlobalSection
	GlobalSection(SolutionProperties) = preSolution
		HideSolutionNode = FALSE
	EndGlobalSection
	GlobalSection(ExtensibilityGlobals) = postSolution
		SolutionGuid = {5DC54DAD-AA3E-4E08-8692-71AC40EFE553}
	EndGlobalSection
EndGlobal
