
Microsoft Visual Studio Solution File, Format Version 12.00
# Visual Studio Version 16
VisualStudioVersion = 16.0.36227.6
MinimumVisualStudioVersion = 10.0.40219.1
Project("{8BC9CEB8-8B4A-11D0-8D11-00A0C91BC942}") = "timer_vs2019", "timer_vs2019.vcxproj", "{33D89BE7-5A31-4325-86C1-FC7A9809C5F0}"
EndProject
Global
	GlobalSection(SolutionConfigurationPlatforms) = preSolution
		Debug|x64 = Debug|x64
		Release|x64 = Release|x64
	EndGlobalSection
	GlobalSection(ProjectConfigurationPlatforms) = postSolution
		{33D89BE7-5A31-4325-86C1-FC7A9809C5F0}.Debug|x64.ActiveCfg = Debug|x64
		{33D89BE7-5A31-4325-86C1-FC7A9809C5F0}.Debug|x64.Build.0 = Debug|x64
		{33D89BE7-5A31-4325-86C1-FC7A9809C5F0}.Release|x64.ActiveCfg = Release|x64
		{33D89BE7-5A31-4325-86C1-FC7A9809C5F0}.Release|x64.Build.0 = Release|x64
	EndGlobalSection
	GlobalSection(SolutionProperties) = preSolution
		HideSolutionNode = FALSE
	EndGlobalSection
	GlobalSection(ExtensibilityGlobals) = postSolution
		SolutionGuid = {F89B7E8C-5A2B-44A8-8A06-6967811661FB}
	EndGlobalSection
EndGlobal
