Microsoft Visual Studio Solution File, Format Version 12.00
# Visual Studio Version 16
VisualStudioVersion = 16.0.32630.194
MinimumVisualStudioVersion = 10.0.40219.1
Project("{8BC9CEB8-8B4A-11D0-8D11-00A0C91BC942}") = "device_sum_vs2019", "device_sum_vs2019.vcxproj", "{EF1E1A7E-2803-4606-BD9A-DA8FA981ABA4}"
EndProject
Global
	GlobalSection(SolutionConfigurationPlatforms) = preSolution
		Debug|x64 = Debug|x64
		Release|x64 = Release|x64
	EndGlobalSection
	GlobalSection(ProjectConfigurationPlatforms) = postSolution
		{EF1E1A7E-2803-4606-BD9A-DA8FA981ABA4}.Debug|x64.ActiveCfg = Debug|x64
		{EF1E1A7E-2803-4606-BD9A-DA8FA981ABA4}.Debug|x64.Build.0 = Debug|x64
		{EF1E1A7E-2803-4606-BD9A-DA8FA981ABA4}.Release|x64.ActiveCfg = Release|x64
		{EF1E1A7E-2803-4606-BD9A-DA8FA981ABA4}.Release|x64.Build.0 = Release|x64
	EndGlobalSection
	GlobalSection(SolutionProperties) = preSolution
		HideSolutionNode = FALSE
	EndGlobalSection
	GlobalSection(ExtensibilityGlobals) = postSolution
		SolutionGuid = {1B5818DA-BE70-45C3-85A6-34A883B3E1CE}
	EndGlobalSection
EndGlobal
