<?xml version="1.0" encoding="utf-8"?>
<Project ToolsVersion="4.0" xmlns="http://schemas.microsoft.com/developer/msbuild/2003">
  <ItemGroup>
    <Filter Include="Source Files">
      <UniqueIdentifier>{3f591af0-c9d2-465c-9bfb-b091c6993382}</UniqueIdentifier>
      <Extensions>cpp;c;cc;cxx;c++;def;odl;idl;hpj;bat;asm;asmx;hip;cu;s</Extensions>
    </Filter>
    <Filter Include="Header Files">
      <UniqueIdentifier>{78455c5c-cb24-4342-8f84-14b6dbfc67fe}</UniqueIdentifier>
      <Extensions>h;hh;hpp;hxx;h++;hm;inl;inc;ipp;xsd;cuh</Extensions>
    </Filter>
    <Filter Include="Resource Files">
      <UniqueIdentifier>{eaf05f13-3ac9-485d-a4b1-249493778478}</UniqueIdentifier>
      <Extensions>rc;ico;cur;bmp;dlg;rc2;rct;bin;rgs;gif;jpg;jpeg;jpe;resx;tiff;tif;png;wav;mfcribbon-ms</Extensions>
    </Filter>
  </ItemGroup>
  <ItemGroup>
    <ClCompile Include="main.hip">
      <Filter>Source Files</Filter>
    </ClCompile>
  </ItemGroup>
  <ItemGroup>
    <CustomBuild Include="hip_obj_gen_win.mcin">
      <Filter>Source Files</Filter>
    </CustomBuild>
  </ItemGroup>
  <ItemGroup>
    <CustomBuild Include="main_900.s">
      <Filter>Source Files</Filter>
    </CustomBuild>
    <CustomBuild Include="main_906.s">
      <Filter>Source Files</Filter>
    </CustomBuild>
    <CustomBuild Include="main_908.s">
      <Filter>Source Files</Filter>
    </CustomBuild>
    <CustomBuild Include="main_90a.s">
      <Filter>Source Files</Filter>
    </CustomBuild>
    <CustomBuild Include="main_942.s">
      <Filter>Source Files</Filter>
    </CustomBuild>
    <CustomBuild Include="main_1030.s">
      <Filter>Source Files</Filter>
    </CustomBuild>
    <CustomBuild Include="main_1100.s">
      <Filter>Source Files</Filter>
    </CustomBuild>
    <CustomBuild Include="main_1101.s">
      <Filter>Source Files</Filter>
    </CustomBuild>
    <CustomBuild Include="main_1102.s">
      <Filter>Source Files</Filter>
    </CustomBuild>
    <CustomBuild Include="main_1201.s">
      <Filter>Source Files</Filter>
    </CustomBuild>
  </ItemGroup>
  <ItemGroup>
    <ClInclude Include="..\..\Common\example_utils.hpp">
      <Filter>Header Files</Filter>
    </ClInclude>
  </ItemGroup>
</Project>