<?xml version="1.0" encoding="utf-8"?>
<Project ToolsVersion="4.0" xmlns="http://schemas.microsoft.com/developer/msbuild/2003">
  <ItemGroup>
    <Filter Include="Source Files">
      <UniqueIdentifier>{4f2a1544-a556-4afb-b630-36ba54c0ab4a}</UniqueIdentifier>
      <Extensions>cpp;c;cc;cxx;c++;def;odl;idl;hpj;bat;asm;asmx;hip;cu;s</Extensions>
    </Filter>
    <Filter Include="Header Files">
      <UniqueIdentifier>{b93521e0-9944-411a-9f6e-4071af6bc7ea}</UniqueIdentifier>
      <Extensions>h;hh;hpp;hxx;h++;hm;inl;inc;ipp;xsd;cuh</Extensions>
    </Filter>
    <Filter Include="Resource Files">
      <UniqueIdentifier>{972f07c3-b925-4516-bd65-2d5a3f626888}</UniqueIdentifier>
      <Extensions>rc;ico;cur;bmp;dlg;rc2;rct;bin;rgs;gif;jpg;jpeg;jpe;resx;tiff;tif;png;wav;mfcribbon-ms</Extensions>
    </Filter>
  </ItemGroup>
  <ItemGroup>
    <ClCompile Include="main.hip">
      <Filter>Source Files</Filter>
    </ClCompile>
  </ItemGroup>
  <ItemGroup>
    <CustomBuild Include="hip_obj_gen_win.mcin">
      <Filter>Source Files</Filter>
    </CustomBuild>
  </ItemGroup>
  <ItemGroup>
    <CustomBuild Include="main_900.s">
      <Filter>Source Files</Filter>
    </CustomBuild>
    <CustomBuild Include="main_906.s">
      <Filter>Source Files</Filter>
    </CustomBuild>
    <CustomBuild Include="main_908.s">
      <Filter>Source Files</Filter>
    </CustomBuild>
    <CustomBuild Include="main_90a.s">
      <Filter>Source Files</Filter>
    </CustomBuild>
    <CustomBuild Include="main_942.s">
      <Filter>Source Files</Filter>
    </CustomBuild>
    <CustomBuild Include="main_1030.s">
      <Filter>Source Files</Filter>
    </CustomBuild>
    <CustomBuild Include="main_1100.s">
      <Filter>Source Files</Filter>
    </CustomBuild>
    <CustomBuild Include="main_1101.s">
      <Filter>Source Files</Filter>
    </CustomBuild>
    <CustomBuild Include="main_1102.s">
      <Filter>Source Files</Filter>
    </CustomBuild>
    <CustomBuild Include="main_1201.s">
      <Filter>Source Files</Filter>
    </CustomBuild>
  </ItemGroup>
  <ItemGroup>
    <ClInclude Include="..\..\Common\example_utils.hpp">
      <Filter>Header Files</Filter>
    </ClInclude>
  </ItemGroup>
</Project>