Microsoft Visual Studio Solution File, Format Version 12.00
# Visual Studio Version 17
VisualStudioVersion = 17.4.33213.308
MinimumVisualStudioVersion = 10.0.40219.1
Project("{8BC9CEB8-8B4A-11D0-8D11-00A0C91BC942}") = "gemm_strided_batched_vs2022", "gemm_strided_batched_vs2022.vcxproj", "{68E1C6F4-9BDB-440E-ABBD-54700571932B}"
EndProject
Global
	GlobalSection(SolutionConfigurationPlatforms) = preSolution
		Debug|x64 = Debug|x64
		Release|x64 = Release|x64
	EndGlobalSection
	GlobalSection(ProjectConfigurationPlatforms) = postSolution
		{68E1C6F4-9BDB-440E-ABBD-54700571932B}.Debug|x64.ActiveCfg = Debug|x64
		{68E1C6F4-9BDB-440E-ABBD-54700571932B}.Debug|x64.Build.0 = Debug|x64
		{68E1C6F4-9BDB-440E-ABBD-54700571932B}.Release|x64.ActiveCfg = Release|x64
		{68E1C6F4-9BDB-440E-ABBD-54700571932B}.Release|x64.Build.0 = Release|x64
	EndGlobalSection
	GlobalSection(SolutionProperties) = preSolution
		HideSolutionNode = FALSE
	EndGlobalSection
	GlobalSection(ExtensibilityGlobals) = postSolution
		SolutionGuid = {F1E36CFA-9D63-4884-ACFD-A2E005ABE093}
	EndGlobalSection
EndGlobal
