<?xml version="1.0" encoding="utf-8"?>
<Project ToolsVersion="4.0" xmlns="http://schemas.microsoft.com/developer/msbuild/2003">
  <ItemGroup>
    <Filter Include="Source Files">
      <UniqueIdentifier>{13EB29AB-BB65-48B4-830D-8F6D75002B95}</UniqueIdentifier>
      <Extensions>cpp;c;cc;cxx;c++;def;odl;idl;hpj;bat;asm;asmx;hip;cu</Extensions>
    </Filter>
    <Filter Include="Header Files">
      <UniqueIdentifier>{9B5BFF91-538D-4BC0-8C40-FA00F7FFD02D}</UniqueIdentifier>
      <Extensions>h;hh;hpp;hxx;h++;hm;inl;inc;ipp;xsd;cuh</Extensions>
    </Filter>
    <Filter Include="Resource Files">
      <UniqueIdentifier>{0EE87613-59F7-4833-9CF0-9BD1CF9FC0A8}</UniqueIdentifier>
      <Extensions>rc;ico;cur;bmp;dlg;rc2;rct;bin;rgs;gif;jpg;jpeg;jpe;resx;tiff;tif;png;wav;mfcribbon-ms</Extensions>
    </Filter>
  </ItemGroup>
  <ItemGroup>
    <ClCompile Include="main.cpp">
      <Filter>Source Files</Filter>
    </ClCompile>
  </ItemGroup>
</Project>