Microsoft Visual Studio Solution File, Format Version 12.00
# Visual Studio 15
VisualStudioVersion = 15.0.33026.149
MinimumVisualStudioVersion = 10.0.40219.1
Project("{8BC9CEB8-8B4A-11D0-8D11-00A0C91BC942}") = "quasirandom_generations_vs2017", "quasirandom_generations_vs2017.vcxproj", "{90D1CDCA-E60F-40ED-85B9-1C6BB889B414}"
EndProject
Global
	GlobalSection(SolutionConfigurationPlatforms) = preSolution
		Debug|x64 = Debug|x64
		Release|x64 = Release|x64
	EndGlobalSection
	GlobalSection(ProjectConfigurationPlatforms) = postSolution
		{90D1CDCA-E60F-40ED-85B9-1C6BB889B414}.Debug|x64.ActiveCfg = Debug|x64
		{90D1CDCA-E60F-40ED-85B9-1C6BB889B414}.Debug|x64.Build.0 = Debug|x64
		{90D1CDCA-E60F-40ED-85B9-1C6BB889B414}.Release|x64.ActiveCfg = Release|x64
		{90D1CDCA-E60F-40ED-85B9-1C6BB889B414}.Release|x64.Build.0 = Release|x64
	EndGlobalSection
	GlobalSection(SolutionProperties) = preSolution
		HideSolutionNode = FALSE
	EndGlobalSection
	GlobalSection(ExtensibilityGlobals) = postSolution
		SolutionGuid = {AF3F4166-F709-4F4D-8E04-11F9FE665512}
	EndGlobalSection
EndGlobal
