Microsoft Visual Studio Solution File, Format Version 12.00
# Visual Studio Version 17
VisualStudioVersion = 17.4.33213.308
MinimumVisualStudioVersion = 10.0.40219.1
Project("{8BC9CEB8-8B4A-11D0-8D11-00A0C91BC942}") = "multi_gpu_data_transfer_vs2022", "multi_gpu_data_transfer_vs2022.vcxproj", "{6FB2BCB7-BFA5-4342-A04D-B4EBFE570D46}"
EndProject
Global
	GlobalSection(SolutionConfigurationPlatforms) = preSolution
		Debug|x64 = Debug|x64
		Release|x64 = Release|x64
	EndGlobalSection
	GlobalSection(ProjectConfigurationPlatforms) = postSolution
		{6FB2BCB7-BFA5-4342-A04D-B4EBFE570D46}.Debug|x64.ActiveCfg = Debug|x64
		{6FB2BCB7-BFA5-4342-A04D-B4EBFE570D46}.Debug|x64.Build.0 = Debug|x64
		{6FB2BCB7-BFA5-4342-A04D-B4EBFE570D46}.Release|x64.ActiveCfg = Release|x64
		{6FB2BCB7-BFA5-4342-A04D-B4EBFE570D46}.Release|x64.Build.0 = Release|x64
	EndGlobalSection
	GlobalSection(SolutionProperties) = preSolution
		HideSolutionNode = FALSE
	EndGlobalSection
	GlobalSection(ExtensibilityGlobals) = postSolution
		SolutionGuid = {987B16AF-819D-44B2-93F7-A1E57EB8C961}
	EndGlobalSection
EndGlobal
