Microsoft Visual Studio Solution File, Format Version 12.00
# Visual Studio Version 16
VisualStudioVersion = 16.0.32630.194
MinimumVisualStudioVersion = 10.0.40219.1
Project("{8BC9CEB8-8B4A-11D0-8D11-00A0C91BC942}") = "plan_many_2d_z2z_vs2019", "plan_many_2d_z2z_vs2019.vcxproj", "{3443E370-A84E-4EF1-B6EF-68F46829A56E}"
EndProject
Global
	GlobalSection(SolutionConfigurationPlatforms) = preSolution
		Debug|x64 = Debug|x64
		Release|x64 = Release|x64
	EndGlobalSection
	GlobalSection(ProjectConfigurationPlatforms) = postSolution
		{3443E370-A84E-4EF1-B6EF-68F46829A56E}.Debug|x64.ActiveCfg = Debug|x64
		{3443E370-A84E-4EF1-B6EF-68F46829A56E}.Debug|x64.Build.0 = Debug|x64
		{3443E370-A84E-4EF1-B6EF-68F46829A56E}.Release|x64.ActiveCfg = Release|x64
		{3443E370-A84E-4EF1-B6EF-68F46829A56E}.Release|x64.Build.0 = Release|x64
	EndGlobalSection
	GlobalSection(SolutionProperties) = preSolution
		HideSolutionNode = FALSE
	EndGlobalSection
	GlobalSection(ExtensibilityGlobals) = postSolution
		SolutionGuid = {3A6340A0-B2F1-4DE7-9807-C763700565BF}
	EndGlobalSection
EndGlobal
