
Microsoft Visual Studio Solution File, Format Version 12.00
# Visual Studio 15
VisualStudioVersion = 15.0.36217.24
MinimumVisualStudioVersion = 10.0.40219.1
Project("{8BC9CEB8-8B4A-11D0-8D11-00A0C91BC942}") = "unified_memory_advice_vs2017", "unified_memory_advice_vs2017.vcxproj", "{2911B0E7-9BE3-4B47-BE27-B5442EF1A38A}"
EndProject
Global
	GlobalSection(SolutionConfigurationPlatforms) = preSolution
		Debug|x64 = Debug|x64
		Debug|x86 = Debug|x86
		Release|x64 = Release|x64
		Release|x86 = Release|x86
	EndGlobalSection
	GlobalSection(ProjectConfigurationPlatforms) = postSolution
		{2911B0E7-9BE3-4B47-BE27-B5442EF1A38A}.Debug|x64.ActiveCfg = Debug|x64
		{2911B0E7-9BE3-4B47-BE27-B5442EF1A38A}.Debug|x64.Build.0 = Debug|x64
		{2911B0E7-9BE3-4B47-BE27-B5442EF1A38A}.Release|x64.ActiveCfg = Release|x64
		{2911B0E7-9BE3-4B47-BE27-B5442EF1A38A}.Release|x64.Build.0 = Release|x64
	EndGlobalSection
	GlobalSection(SolutionProperties) = preSolution
		HideSolutionNode = FALSE
	EndGlobalSection
	GlobalSection(ExtensibilityGlobals) = postSolution
		SolutionGuid = {707EA06F-4AFC-4A3A-A083-B21A339D8ED1}
	EndGlobalSection
EndGlobal
