<?xml version="1.0" encoding="utf-8"?>
<Project ToolsVersion="4.0" xmlns="http://schemas.microsoft.com/developer/msbuild/2003">
  <ItemGroup>
    <Filter Include="Source Files">
      <UniqueIdentifier>{EAC3DD6B-51D3-4519-9FF7-A2059577C44C}</UniqueIdentifier>
      <Extensions>cpp;c;cc;cxx;c++;def;odl;idl;hpj;bat;asm;asmx;hip;cu</Extensions>
    </Filter>
    <Filter Include="Header Files">
      <UniqueIdentifier>{2457C03B-AFF6-42BB-BF05-EFF08546DE9F}</UniqueIdentifier>
      <Extensions>h;hh;hpp;hxx;h++;hm;inl;inc;ipp;xsd;cuh</Extensions>
    </Filter>
    <Filter Include="Resource Files">
      <UniqueIdentifier>{166B05C1-9AD2-41F8-AC6F-25B251EB940D}</UniqueIdentifier>
      <Extensions>rc;ico;cur;bmp;dlg;rc2;rct;bin;rgs;gif;jpg;jpeg;jpe;resx;tiff;tif;png;wav;mfcribbon-ms</Extensions>
    </Filter>
  </ItemGroup>
  <ItemGroup>
    <ClCompile Include="main.hip">
      <Filter>Source Files</Filter>
    </ClCompile>
  </ItemGroup>
</Project>