Microsoft Visual Studio Solution File, Format Version 12.00
# Visual Studio 15
VisualStudioVersion = 15.0.26124.0
MinimumVisualStudioVersion = 10.0.40219.1
Project("{8BC9CEB8-8B4A-11D0-8D11-00A0C91BC942}") = "bfs_vs2017", "bfs_vs2017.vcxproj", "{66203FCE-F14D-4283-9855-F9AA8C8DFE7E}"
EndProject
Global
	GlobalSection(SolutionConfigurationPlatforms) = preSolution
		Debug|x64 = Debug|x64
		Release|x64 = Release|x64
	EndGlobalSection
	GlobalSection(ProjectConfigurationPlatforms) = postSolution
		{66203FCE-F14D-4283-9855-F9AA8C8DFE7E}.Debug|x64.ActiveCfg = Debug|x64
		{66203FCE-F14D-4283-9855-F9AA8C8DFE7E}.Debug|x64.Build.0 = Debug|x64
		{66203FCE-F14D-4283-9855-F9AA8C8DFE7E}.Release|x64.ActiveCfg = Release|x64
		{66203FCE-F14D-4283-9855-F9AA8C8DFE7E}.Release|x64.Build.0 = Release|x64
	EndGlobalSection
	GlobalSection(SolutionProperties) = preSolution
		HideSolutionNode = FALSE
	EndGlobalSection
	GlobalSection(ExtensibilityGlobals) = postSolution
		SolutionGuid = {E7F0A3B4-3C5D-6E8F-1A0C-4D9E8B7F0A6C}
	EndGlobalSection
EndGlobal
