Microsoft Visual Studio Solution File, Format Version 12.00
# Visual Studio Version 17
VisualStudioVersion = 17.4.33213.308
MinimumVisualStudioVersion = 10.0.40219.1
Project("{8BC9CEB8-8B4A-11D0-8D11-00A0C91BC942}") = "gpu_arch_vs2022", "gpu_arch_vs2022.vcxproj", "{D5CEB4C2-4867-4A5C-AD3A-E025EF3C7C0E}"
EndProject
Global
	GlobalSection(SolutionConfigurationPlatforms) = preSolution
		Debug|x64 = Debug|x64
		Release|x64 = Release|x64
	EndGlobalSection
	GlobalSection(ProjectConfigurationPlatforms) = postSolution
		{D5CEB4C2-4867-4A5C-AD3A-E025EF3C7C0E}.Debug|x64.ActiveCfg = Debug|x64
		{D5CEB4C2-4867-4A5C-AD3A-E025EF3C7C0E}.Debug|x64.Build.0 = Debug|x64
		{D5CEB4C2-4867-4A5C-AD3A-E025EF3C7C0E}.Release|x64.ActiveCfg = Release|x64
		{D5CEB4C2-4867-4A5C-AD3A-E025EF3C7C0E}.Release|x64.Build.0 = Release|x64
	EndGlobalSection
	GlobalSection(SolutionProperties) = preSolution
		HideSolutionNode = FALSE
	EndGlobalSection
	GlobalSection(ExtensibilityGlobals) = postSolution
		SolutionGuid = {F044ACDE-58A8-4F0E-8E3E-3C472B752AE8}
	EndGlobalSection
EndGlobal
