
Microsoft Visual Studio Solution File, Format Version 12.00
# Visual Studio Version 17
VisualStudioVersion = 17.14.36301.6 d17.14
MinimumVisualStudioVersion = 10.0.40219.1
Project("{8BC9CEB8-8B4A-11D0-8D11-00A0C91BC942}") = "add_kernel_vs2022", "add_kernel_vs2022.vcxproj", "{65BD676A-D5C6-455B-A8D1-B3354FD5B22F}"
EndProject
Global
	GlobalSection(SolutionConfigurationPlatforms) = preSolution
		Debug|x64 = Debug|x64
		Release|x64 = Release|x64
	EndGlobalSection
	GlobalSection(ProjectConfigurationPlatforms) = postSolution
		{65BD676A-D5C6-455B-A8D1-B3354FD5B22F}.Debug|x64.ActiveCfg = Debug|x64
		{65BD676A-D5C6-455B-A8D1-B3354FD5B22F}.Debug|x64.Build.0 = Debug|x64
		{65BD676A-D5C6-455B-A8D1-B3354FD5B22F}.Release|x64.ActiveCfg = Release|x64
		{65BD676A-D5C6-455B-A8D1-B3354FD5B22F}.Release|x64.Build.0 = Release|x64
	EndGlobalSection
	GlobalSection(SolutionProperties) = preSolution
		HideSolutionNode = FALSE
	EndGlobalSection
	GlobalSection(ExtensibilityGlobals) = postSolution
		SolutionGuid = {26CF678C-3F86-4903-BAFF-E7C2A5A0D8E8}
	EndGlobalSection
EndGlobal
