Microsoft Visual Studio Solution File, Format Version 12.00
# Visual Studio Version 16
VisualStudioVersion = 16.0.32630.194
MinimumVisualStudioVersion = 10.0.40219.1
Project("{8BC9CEB8-8B4A-11D0-8D11-00A0C91BC942}") = "syev_batched_vs2019", "syev_batched_vs2019.vcxproj", "{C11381F8-089B-462C-8544-932666818546}"
EndProject
Global
	GlobalSection(SolutionConfigurationPlatforms) = preSolution
		Debug|x64 = Debug|x64
		Release|x64 = Release|x64
	EndGlobalSection
	GlobalSection(ProjectConfigurationPlatforms) = postSolution
		{C11381F8-089B-462C-8544-932666818546}.Debug|x64.ActiveCfg = Debug|x64
		{C11381F8-089B-462C-8544-932666818546}.Debug|x64.Build.0 = Debug|x64
		{C11381F8-089B-462C-8544-932666818546}.Release|x64.ActiveCfg = Release|x64
		{C11381F8-089B-462C-8544-932666818546}.Release|x64.Build.0 = Release|x64
	EndGlobalSection
	GlobalSection(SolutionProperties) = preSolution
		HideSolutionNode = FALSE
	EndGlobalSection
	GlobalSection(ExtensibilityGlobals) = postSolution
		SolutionGuid = {A02F6D3E-5A8D-4B37-AC4D-A4AE653F2512}
	EndGlobalSection
EndGlobal
