Microsoft Visual Studio Solution File, Format Version 12.00
# Visual Studio 15
VisualStudioVersion = 15.0.33026.149
MinimumVisualStudioVersion = 10.0.40219.1
Project("{8BC9CEB8-8B4A-11D0-8D11-00A0C91BC942}") = "plan_d2z_vs2017", "plan_d2z_vs2017.vcxproj", "{AF790582-9E56-4CAA-BBD0-9C9F5B99FDEE}"
EndProject
Global
	GlobalSection(SolutionConfigurationPlatforms) = preSolution
		Debug|x64 = Debug|x64
		Release|x64 = Release|x64
	EndGlobalSection
	GlobalSection(ProjectConfigurationPlatforms) = postSolution
		{AF790582-9E56-4CAA-BBD0-9C9F5B99FDEE}.Debug|x64.ActiveCfg = Debug|x64
		{AF790582-9E56-4CAA-BBD0-9C9F5B99FDEE}.Debug|x64.Build.0 = Debug|x64
		{AF790582-9E56-4CAA-BBD0-9C9F5B99FDEE}.Release|x64.ActiveCfg = Release|x64
		{AF790582-9E56-4CAA-BBD0-9C9F5B99FDEE}.Release|x64.Build.0 = Release|x64
	EndGlobalSection
	GlobalSection(SolutionProperties) = preSolution
		HideSolutionNode = FALSE
	EndGlobalSection
	GlobalSection(ExtensibilityGlobals) = postSolution
		SolutionGuid = {1FF4DC24-9C67-4A78-87D1-C1572BCE909D}
	EndGlobalSection
EndGlobal
