
Microsoft Visual Studio Solution File, Format Version 12.00
# Visual Studio 15
VisualStudioVersion = 15.0.36217.24
MinimumVisualStudioVersion = 10.0.40219.1
Project("{8BC9CEB8-8B4A-11D0-8D11-00A0C91BC942}") = "linker_apis_vs2017", "linker_apis_vs2017.vcxproj", "{1DF27E91-74C1-43E8-9443-09296169D55F}"
EndProject
Global
	GlobalSection(SolutionConfigurationPlatforms) = preSolution
		Debug|x64 = Debug|x64
		Release|x64 = Release|x64
	EndGlobalSection
	GlobalSection(ProjectConfigurationPlatforms) = postSolution
		{1DF27E91-74C1-43E8-9443-09296169D55F}.Debug|x64.ActiveCfg = Debug|x64
		{1DF27E91-74C1-43E8-9443-09296169D55F}.Debug|x64.Build.0 = Debug|x64
		{1DF27E91-74C1-43E8-9443-09296169D55F}.Release|x64.ActiveCfg = Release|x64
		{1DF27E91-74C1-43E8-9443-09296169D55F}.Release|x64.Build.0 = Release|x64
	EndGlobalSection
	GlobalSection(SolutionProperties) = preSolution
		HideSolutionNode = FALSE
	EndGlobalSection
	GlobalSection(ExtensibilityGlobals) = postSolution
		SolutionGuid = {6619F627-95D7-48B1-8A47-16A9F30986F8}
	EndGlobalSection
EndGlobal
