Microsoft Visual Studio Solution File, Format Version 12.00
# Visual Studio Version 17
VisualStudioVersion = 17.0.33026.149
MinimumVisualStudioVersion = 10.0.40219.1
Project("{8BC9CEB8-8B4A-11D0-8D11-00A0C91BC942}") = "handle_vs2022", "handle_vs2022.vcxproj", "{990F6371-23A0-49F8-959E-214E5C016D92}"
EndProject
Global
	GlobalSection(SolutionConfigurationPlatforms) = preSolution
		Debug|x64 = Debug|x64
		Release|x64 = Release|x64
	EndGlobalSection
	GlobalSection(ProjectConfigurationPlatforms) = postSolution
		{990F6371-23A0-49F8-959E-214E5C016D92}.Debug|x64.ActiveCfg = Debug|x64
		{990F6371-23A0-49F8-959E-214E5C016D92}.Debug|x64.Build.0 = Debug|x64
		{990F6371-23A0-49F8-959E-214E5C016D92}.Release|x64.ActiveCfg = Release|x64
		{990F6371-23A0-49F8-959E-214E5C016D92}.Release|x64.Build.0 = Release|x64
	EndGlobalSection
	GlobalSection(SolutionProperties) = preSolution
		HideSolutionNode = FALSE
	EndGlobalSection
	GlobalSection(ExtensibilityGlobals) = postSolution
		SolutionGuid = {0A45E5F5-8176-48ED-81C0-3C38517273E8}
	EndGlobalSection
EndGlobal
