Microsoft Visual Studio Solution File, Format Version 12.00
# Visual Studio Version 16
VisualStudioVersion = 16.0.32630.194
MinimumVisualStudioVersion = 10.0.40219.1
Project("{8BC9CEB8-8B4A-11D0-8D11-00A0C91BC942}") = "bsrsm_vs2019", "bsrsm_vs2019.vcxproj", "{1C2BA747-6507-4E44-8DA2-A771BD762425}"
EndProject
Global
	GlobalSection(SolutionConfigurationPlatforms) = preSolution
		Debug|x64 = Debug|x64
		Release|x64 = Release|x64
	EndGlobalSection
	GlobalSection(ProjectConfigurationPlatforms) = postSolution
		{1C2BA747-6507-4E44-8DA2-A771BD762425}.Debug|x64.ActiveCfg = Debug|x64
		{1C2BA747-6507-4E44-8DA2-A771BD762425}.Debug|x64.Build.0 = Debug|x64
		{1C2BA747-6507-4E44-8DA2-A771BD762425}.Release|x64.ActiveCfg = Release|x64
		{1C2BA747-6507-4E44-8DA2-A771BD762425}.Release|x64.Build.0 = Release|x64
	EndGlobalSection
	GlobalSection(SolutionProperties) = preSolution
		HideSolutionNode = FALSE
	EndGlobalSection
	GlobalSection(ExtensibilityGlobals) = postSolution
		SolutionGuid = {4F717198-2715-43DC-908D-A89F96F19FF3}
	EndGlobalSection
EndGlobal
