Microsoft Visual Studio Solution File, Format Version 12.00
# Visual Studio 15
VisualStudioVersion = 15.0.33026.149
MinimumVisualStudioVersion = 10.0.40219.1
Project("{8BC9CEB8-8B4A-11D0-8D11-00A0C91BC942}") = "bsrsm_vs2017", "bsrsm_vs2017.vcxproj", "{33F547D4-7627-49EA-8270-369C775CD9E4}"
EndProject
Global
	GlobalSection(SolutionConfigurationPlatforms) = preSolution
		Debug|x64 = Debug|x64
		Release|x64 = Release|x64
	EndGlobalSection
	GlobalSection(ProjectConfigurationPlatforms) = postSolution
		{33F547D4-7627-49EA-8270-369C775CD9E4}.Debug|x64.ActiveCfg = Debug|x64
		{33F547D4-7627-49EA-8270-369C775CD9E4}.Debug|x64.Build.0 = Debug|x64
		{33F547D4-7627-49EA-8270-369C775CD9E4}.Release|x64.ActiveCfg = Release|x64
		{33F547D4-7627-49EA-8270-369C775CD9E4}.Release|x64.Build.0 = Release|x64
	EndGlobalSection
	GlobalSection(SolutionProperties) = preSolution
		HideSolutionNode = FALSE
	EndGlobalSection
	GlobalSection(ExtensibilityGlobals) = postSolution
		SolutionGuid = {582ADADB-6B8F-4FA7-AE6A-AC322B4A5784}
	EndGlobalSection
EndGlobal
