Microsoft Visual Studio Solution File, Format Version 12.00
# Visual Studio 15
VisualStudioVersion = 15.0.33026.149
MinimumVisualStudioVersion = 10.0.40219.1
Project("{8BC9CEB8-8B4A-11D0-8D11-00A0C91BC942}") = "prefix_sum_vs2017", "prefix_sum_vs2017.vcxproj", "{8A7A18FB-BA38-4C9C-8DB1-193C1052E1A6}"
EndProject
Global
	GlobalSection(SolutionConfigurationPlatforms) = preSolution
		Debug|x64 = Debug|x64
		Release|x64 = Release|x64
	EndGlobalSection
	GlobalSection(ProjectConfigurationPlatforms) = postSolution
		{8A7A18FB-BA38-4C9C-8DB1-193C1052E1A6}.Debug|x64.ActiveCfg = Debug|x64
		{8A7A18FB-BA38-4C9C-8DB1-193C1052E1A6}.Debug|x64.Build.0 = Debug|x64
		{8A7A18FB-BA38-4C9C-8DB1-193C1052E1A6}.Release|x64.ActiveCfg = Release|x64
		{8A7A18FB-BA38-4C9C-8DB1-193C1052E1A6}.Release|x64.Build.0 = Release|x64
	EndGlobalSection
	GlobalSection(SolutionProperties) = preSolution
		HideSolutionNode = FALSE
	EndGlobalSection
	GlobalSection(ExtensibilityGlobals) = postSolution
		SolutionGuid = {C516BB15-F9F2-4B0D-AFC3-A2E9806B9C05}
	EndGlobalSection
EndGlobal
