Microsoft Visual Studio Solution File, Format Version 12.00
# Visual Studio Version 16
VisualStudioVersion = 16.0.30114.105
MinimumVisualStudioVersion = 10.0.40219.1
Project("{8BC9CEB8-8B4A-11D0-8D11-00A0C91BC942}") = "tiling_matrix_multiply_vs2019", "tiling_matrix_multiply_vs2019.vcxproj", "{B0C1D2E3-F4A5-4B5C-5D6E-7F8A9B0C1D2E}"
EndProject
Global
	GlobalSection(SolutionConfigurationPlatforms) = preSolution
		Debug|x64 = Debug|x64
		Release|x64 = Release|x64
	EndGlobalSection
	GlobalSection(ProjectConfigurationPlatforms) = postSolution
		{B0C1D2E3-F4A5-4B5C-5D6E-7F8A9B0C1D2E}.Debug|x64.ActiveCfg = Debug|x64
		{B0C1D2E3-F4A5-4B5C-5D6E-7F8A9B0C1D2E}.Debug|x64.Build.0 = Debug|x64
		{B0C1D2E3-F4A5-4B5C-5D6E-7F8A9B0C1D2E}.Release|x64.ActiveCfg = Release|x64
		{B0C1D2E3-F4A5-4B5C-5D6E-7F8A9B0C1D2E}.Release|x64.Build.0 = Release|x64
	EndGlobalSection
	GlobalSection(SolutionProperties) = preSolution
		HideSolutionNode = FALSE
	EndGlobalSection
	GlobalSection(ExtensibilityGlobals) = postSolution
		SolutionGuid = {8B9C0D1E-2F3A-4B5C-6D7E-8F9A0B1C2D3E}
	EndGlobalSection
EndGlobal
