Microsoft Visual Studio Solution File, Format Version 12.00
# Visual Studio Version 16
VisualStudioVersion = 16.0.32630.194
MinimumVisualStudioVersion = 10.0.40219.1
Project("{8BC9CEB8-8B4A-11D0-8D11-00A0C91BC942}") = "spsv_vs2019", "spsv_vs2019.vcxproj", "{ED626C21-CCBA-4144-80CE-446E792D0E9E}"
EndProject
Global
	GlobalSection(SolutionConfigurationPlatforms) = preSolution
		Debug|x64 = Debug|x64
		Release|x64 = Release|x64
	EndGlobalSection
	GlobalSection(ProjectConfigurationPlatforms) = postSolution
		{ED626C21-CCBA-4144-80CE-446E792D0E9E}.Debug|x64.ActiveCfg = Debug|x64
		{ED626C21-CCBA-4144-80CE-446E792D0E9E}.Debug|x64.Build.0 = Debug|x64
		{ED626C21-CCBA-4144-80CE-446E792D0E9E}.Release|x64.ActiveCfg = Release|x64
		{ED626C21-CCBA-4144-80CE-446E792D0E9E}.Release|x64.Build.0 = Release|x64
	EndGlobalSection
	GlobalSection(SolutionProperties) = preSolution
		HideSolutionNode = FALSE
	EndGlobalSection
	GlobalSection(ExtensibilityGlobals) = postSolution
		SolutionGuid = {9A555C55-F1E1-40C3-91B5-D06BAE149524}
	EndGlobalSection
EndGlobal
