Microsoft Visual Studio Solution File, Format Version 12.00
# Visual Studio Version 17
VisualStudioVersion = 17.4.33213.308
MinimumVisualStudioVersion = 10.0.40219.1
Project("{8BC9CEB8-8B4A-11D0-8D11-00A0C91BC942}") = "sddmm_vs2022", "sddmm_vs2022.vcxproj", "{8D0AB99C-7FA3-49B5-9554-C5332E8FFE46}"
EndProject
Global
	GlobalSection(SolutionConfigurationPlatforms) = preSolution
		Debug|x64 = Debug|x64
		Release|x64 = Release|x64
	EndGlobalSection
	GlobalSection(ProjectConfigurationPlatforms) = postSolution
		{8D0AB99C-7FA3-49B5-9554-C5332E8FFE46}.Debug|x64.ActiveCfg = Debug|x64
		{8D0AB99C-7FA3-49B5-9554-C5332E8FFE46}.Debug|x64.Build.0 = Debug|x64
		{8D0AB99C-7FA3-49B5-9554-C5332E8FFE46}.Release|x64.ActiveCfg = Release|x64
		{8D0AB99C-7FA3-49B5-9554-C5332E8FFE46}.Release|x64.Build.0 = Release|x64
	EndGlobalSection
	GlobalSection(SolutionProperties) = preSolution
		HideSolutionNode = FALSE
	EndGlobalSection
	GlobalSection(ExtensibilityGlobals) = postSolution
		SolutionGuid = {66382C96-B982-4210-8412-25464BE3E09E}
	EndGlobalSection
EndGlobal
