
Microsoft Visual Studio Solution File, Format Version 12.00
# Visual Studio Version 17
VisualStudioVersion = 17.14.36301.6
MinimumVisualStudioVersion = 10.0.40219.1
Project("{8BC9CEB8-8B4A-11D0-8D11-00A0C91BC942}") = "low_precision_float_fp16_vs2022", "low_precision_float_fp16_vs2022.vcxproj", "{E5F3F006-A244-43F2-905F-4B6E496E3AE4}"
EndProject
Global
	GlobalSection(SolutionConfigurationPlatforms) = preSolution
		Debug|x64 = Debug|x64
		Release|x64 = Release|x64
	EndGlobalSection
	GlobalSection(ProjectConfigurationPlatforms) = postSolution
		{E5F3F006-A244-43F2-905F-4B6E496E3AE4}.Debug|x64.ActiveCfg = Debug|x64
		{E5F3F006-A244-43F2-905F-4B6E496E3AE4}.Debug|x64.Build.0 = Debug|x64
		{E5F3F006-A244-43F2-905F-4B6E496E3AE4}.Release|x64.ActiveCfg = Release|x64
		{E5F3F006-A244-43F2-905F-4B6E496E3AE4}.Release|x64.Build.0 = Release|x64
	EndGlobalSection
	GlobalSection(SolutionProperties) = preSolution
		HideSolutionNode = FALSE
	EndGlobalSection
	GlobalSection(ExtensibilityGlobals) = postSolution
		SolutionGuid = {DA1A9BEB-B6C0-4534-AC09-2D9540307800}
	EndGlobalSection
EndGlobal
