Microsoft Visual Studio Solution File, Format Version 12.00
# Visual Studio Version 16
VisualStudioVersion = 16.0.32630.194
MinimumVisualStudioVersion = 10.0.40219.1
Project("{8BC9CEB8-8B4A-11D0-8D11-00A0C91BC942}") = "streams_vs2019", "streams_vs2019.vcxproj", "{4E6B2034-D7ED-4CB4-98B2-7B2D2B71E0A9}"
EndProject
Global
	GlobalSection(SolutionConfigurationPlatforms) = preSolution
		Debug|x64 = Debug|x64
		Release|x64 = Release|x64
	EndGlobalSection
	GlobalSection(ProjectConfigurationPlatforms) = postSolution
		{4E6B2034-D7ED-4CB4-98B2-7B2D2B71E0A9}.Debug|x64.ActiveCfg = Debug|x64
		{4E6B2034-D7ED-4CB4-98B2-7B2D2B71E0A9}.Debug|x64.Build.0 = Debug|x64
		{4E6B2034-D7ED-4CB4-98B2-7B2D2B71E0A9}.Release|x64.ActiveCfg = Release|x64
		{4E6B2034-D7ED-4CB4-98B2-7B2D2B71E0A9}.Release|x64.Build.0 = Release|x64
	EndGlobalSection
	GlobalSection(SolutionProperties) = preSolution
		HideSolutionNode = FALSE
	EndGlobalSection
	GlobalSection(ExtensibilityGlobals) = postSolution
		SolutionGuid = {507FFFF0-D864-42BC-AC76-F75DF573ACDF}
	EndGlobalSection
EndGlobal
